
Microsoft Visual Studio Solution File, Format Version 12.00
# Visual Studio Version 17
VisualStudioVersion = 17.14.36414.22 d17.14
MinimumVisualStudioVersion = 10.0.40219.1
Project("{2150E333-8FDC-42A3-9474-1A3956D46DE8}") = "Task0", "Task0", "{02EA681E-C7D8-13C7-8484-4AC65E1B71E8}"
EndProject
Project("{FAE04EC0-301F-11D3-BF4B-00C04F79EFBC}") = "Tyuiu.UlukhanovDV.Sprint3.Task0.V9.Lib", "Tyuiu.UlukhanovDV.Sprint3.Task0.V9.Lib\Tyuiu.UlukhanovDV.Sprint3.Task0.V9.Lib.csproj", "{DC4CB2D9-BF9D-449D-8A48-F656E38338A3}"
EndProject
Project("{FAE04EC0-301F-11D3-BF4B-00C04F79EFBC}") = "Tyuiu.UlukhanovDV.Sprint3.Task0.V9.Test", "Tyuiu.UlukhanovDV.Sprint3.Task0.V9.Test\Tyuiu.UlukhanovDV.Sprint3.Task0.V9.Test.csproj", "{639F7EAD-E02A-44BA-B711-A3F62E14151D}"
EndProject
Project("{FAE04EC0-301F-11D3-BF4B-00C04F79EFBC}") = "Tyuiu.UlukhanovDV.Sprint3.Task0.V9", "Tyuiu.UlukhanovDV.Sprint3.Task0.V9\Tyuiu.UlukhanovDV.Sprint3.Task0.V9.csproj", "{0D4C233C-CD58-4CF2-8F39-3460A017709E}"
EndProject
Global
	GlobalSection(SolutionConfigurationPlatforms) = preSolution
		Debug|Any CPU = Debug|Any CPU
		Release|Any CPU = Release|Any CPU
	EndGlobalSection
	GlobalSection(ProjectConfigurationPlatforms) = postSolution
		{DC4CB2D9-BF9D-449D-8A48-F656E38338A3}.Debug|Any CPU.ActiveCfg = Debug|Any CPU
		{DC4CB2D9-BF9D-449D-8A48-F656E38338A3}.Debug|Any CPU.Build.0 = Debug|Any CPU
		{DC4CB2D9-BF9D-449D-8A48-F656E38338A3}.Release|Any CPU.ActiveCfg = Release|Any CPU
		{DC4CB2D9-BF9D-449D-8A48-F656E38338A3}.Release|Any CPU.Build.0 = Release|Any CPU
		{639F7EAD-E02A-44BA-B711-A3F62E14151D}.Debug|Any CPU.ActiveCfg = Debug|Any CPU
		{639F7EAD-E02A-44BA-B711-A3F62E14151D}.Debug|Any CPU.Build.0 = Debug|Any CPU
		{639F7EAD-E02A-44BA-B711-A3F62E14151D}.Release|Any CPU.ActiveCfg = Release|Any CPU
		{639F7EAD-E02A-44BA-B711-A3F62E14151D}.Release|Any CPU.Build.0 = Release|Any CPU
		{0D4C233C-CD58-4CF2-8F39-3460A017709E}.Debug|Any CPU.ActiveCfg = Debug|Any CPU
		{0D4C233C-CD58-4CF2-8F39-3460A017709E}.Debug|Any CPU.Build.0 = Debug|Any CPU
		{0D4C233C-CD58-4CF2-8F39-3460A017709E}.Release|Any CPU.ActiveCfg = Release|Any CPU
		{0D4C233C-CD58-4CF2-8F39-3460A017709E}.Release|Any CPU.Build.0 = Release|Any CPU
	EndGlobalSection
	GlobalSection(SolutionProperties) = preSolution
		HideSolutionNode = FALSE
	EndGlobalSection
	GlobalSection(NestedProjects) = preSolution
		{DC4CB2D9-BF9D-449D-8A48-F656E38338A3} = {02EA681E-C7D8-13C7-8484-4AC65E1B71E8}
		{639F7EAD-E02A-44BA-B711-A3F62E14151D} = {02EA681E-C7D8-13C7-8484-4AC65E1B71E8}
		{0D4C233C-CD58-4CF2-8F39-3460A017709E} = {02EA681E-C7D8-13C7-8484-4AC65E1B71E8}
	EndGlobalSection
	GlobalSection(ExtensibilityGlobals) = postSolution
		SolutionGuid = {13F6CEF8-8569-4B27-A298-7012F883EFC1}
	EndGlobalSection
EndGlobal
